
Microsoft Visual Studio Solution File, Format Version 12.00
# Visual Studio Version 17
VisualStudioVersion = 17.14.36414.22 d17.14
MinimumVisualStudioVersion = 10.0.40219.1
Project("{FAE04EC0-301F-11D3-BF4B-00C04F79EFBC}") = "MapInfoApp", "MapInfoApp\MapInfoApp.csproj", "{A1DF23A2-03EF-40B7-AB1C-3462135ED8AF}"
EndProject
Global
	GlobalSection(SolutionConfigurationPlatforms) = preSolution
		Debug|Any CPU = Debug|Any CPU
		Release|Any CPU = Release|Any CPU
	EndGlobalSection
	GlobalSection(ProjectConfigurationPlatforms) = postSolution
		{A1DF23A2-03EF-40B7-AB1C-3462135ED8AF}.Debug|Any CPU.ActiveCfg = Debug|Any CPU
		{A1DF23A2-03EF-40B7-AB1C-3462135ED8AF}.Debug|Any CPU.Build.0 = Debug|Any CPU
		{A1DF23A2-03EF-40B7-AB1C-3462135ED8AF}.Release|Any CPU.ActiveCfg = Release|Any CPU
		{A1DF23A2-03EF-40B7-AB1C-3462135ED8AF}.Release|Any CPU.Build.0 = Release|Any CPU
	EndGlobalSection
	GlobalSection(SolutionProperties) = preSolution
		HideSolutionNode = FALSE
	EndGlobalSection
	GlobalSection(ExtensibilityGlobals) = postSolution
		SolutionGuid = {7FB73C4C-8ECE-4668-8B1F-7FDDB3CDC670}
	EndGlobalSection
EndGlobal
